
Microsoft Visual Studio Solution File, Format Version 12.00
# Visual Studio 15
Project("{FAE04EC0-301F-11D3-BF4B-00C04F79EFBC}") = "Unity.XR.Interaction.Toolkit.Samples.StarterAssets", "Unity.XR.Interaction.Toolkit.Samples.StarterAssets.csproj", "{5E80C86C-EF4E-7C98-5B27-0FA80B9D9B70}"
EndProject
Project("{FAE04EC0-301F-11D3-BF4B-00C04F79EFBC}") = "Unity.XR.Interaction.Toolkit.Samples.DeviceSimulator", "Unity.XR.Interaction.Toolkit.Samples.DeviceSimulator.csproj", "{2799969E-D2BB-FC6B-4214-E467D0A87773}"
EndProject
Project("{FAE04EC0-301F-11D3-BF4B-00C04F79EFBC}") = "Unity.XR.Interaction.Toolkit.Samples.StarterAssets.Editor", "Unity.XR.Interaction.Toolkit.Samples.StarterAssets.Editor.csproj", "{E1BA7F4B-DEDB-E024-5429-364D801D2235}"
EndProject
Project("{FAE04EC0-301F-11D3-BF4B-00C04F79EFBC}") = "Assembly-CSharp", "Assembly-CSharp.csproj", "{9DEF17E0-5280-F189-5ECA-516D5FA065A8}"
EndProject
Global
	GlobalSection(SolutionConfigurationPlatforms) = preSolution
		Debug|Any CPU = Debug|Any CPU
		Release|Any CPU = Release|Any CPU
	EndGlobalSection
	GlobalSection(ProjectConfigurationPlatforms) = postSolution
		{5E80C86C-EF4E-7C98-5B27-0FA80B9D9B70}.Debug|Any CPU.ActiveCfg = Debug|Any CPU
		{5E80C86C-EF4E-7C98-5B27-0FA80B9D9B70}.Debug|Any CPU.Build.0 = Debug|Any CPU
		{5E80C86C-EF4E-7C98-5B27-0FA80B9D9B70}.Release|Any CPU.ActiveCfg = Release|Any CPU
		{5E80C86C-EF4E-7C98-5B27-0FA80B9D9B70}.Release|Any CPU.Build.0 = Release|Any CPU
		{2799969E-D2BB-FC6B-4214-E467D0A87773}.Debug|Any CPU.ActiveCfg = Debug|Any CPU
		{2799969E-D2BB-FC6B-4214-E467D0A87773}.Debug|Any CPU.Build.0 = Debug|Any CPU
		{2799969E-D2BB-FC6B-4214-E467D0A87773}.Release|Any CPU.ActiveCfg = Release|Any CPU
		{2799969E-D2BB-FC6B-4214-E467D0A87773}.Release|Any CPU.Build.0 = Release|Any CPU
		{E1BA7F4B-DEDB-E024-5429-364D801D2235}.Debug|Any CPU.ActiveCfg = Debug|Any CPU
		{E1BA7F4B-DEDB-E024-5429-364D801D2235}.Debug|Any CPU.Build.0 = Debug|Any CPU
		{E1BA7F4B-DEDB-E024-5429-364D801D2235}.Release|Any CPU.ActiveCfg = Release|Any CPU
		{E1BA7F4B-DEDB-E024-5429-364D801D2235}.Release|Any CPU.Build.0 = Release|Any CPU
		{9DEF17E0-5280-F189-5ECA-516D5FA065A8}.Debug|Any CPU.ActiveCfg = Debug|Any CPU
		{9DEF17E0-5280-F189-5ECA-516D5FA065A8}.Debug|Any CPU.Build.0 = Debug|Any CPU
		{9DEF17E0-5280-F189-5ECA-516D5FA065A8}.Release|Any CPU.ActiveCfg = Release|Any CPU
		{9DEF17E0-5280-F189-5ECA-516D5FA065A8}.Release|Any CPU.Build.0 = Release|Any CPU
	EndGlobalSection
	GlobalSection(SolutionProperties) = preSolution
		HideSolutionNode = FALSE
	EndGlobalSection
EndGlobal
